
Microsoft Visual Studio Solution File, Format Version 12.00
# Visual Studio Version 17
VisualStudioVersion = 17.0.31903.59
MinimumVisualStudioVersion = 10.0.40219.1
Project("{2150E333-8FDC-42A3-9474-1A3956D46DE8}") = "src", "src", "{827E0CD3-B72D-47B6-A68D-7590B98EB39B}"
EndProject
Project("{FAE04EC0-301F-11D3-BF4B-00C04F79EFBC}") = "Findly.Domain", "src\Findly.Domain\Findly.Domain.csproj", "{B243CDAF-5574-4F3A-92B1-C93943B1C383}"
EndProject
Project("{FAE04EC0-301F-11D3-BF4B-00C04F79EFBC}") = "Findly.Contracts", "src\Findly.Contracts\Findly.Contracts.csproj", "{C2487F4E-4999-4250-BF5E-5EBA228D91D8}"
EndProject
Project("{FAE04EC0-301F-11D3-BF4B-00C04F79EFBC}") = "Findly.Application", "src\Findly.Application\Findly.Application.csproj", "{6F2B1364-0C0C-4D36-84FC-DFFC4AB1D1DC}"
EndProject
Project("{FAE04EC0-301F-11D3-BF4B-00C04F79EFBC}") = "Findly.Infrastructure", "src\Findly.Infrastructure\Findly.Infrastructure.csproj", "{FF0A9F2C-AB2F-4CC9-9801-6376CAD0AB15}"
EndProject
Project("{FAE04EC0-301F-11D3-BF4B-00C04F79EFBC}") = "Findly.Api", "src\Findly.Api\Findly.Api.csproj", "{3453F4E8-C3C5-4091-9561-B8195118822E}"
EndProject
Project("{2150E333-8FDC-42A3-9474-1A3956D46DE8}") = "db", "db", "{240D54FD-C2A2-AACB-CAA5-CE0B0FF793FF}"
EndProject
Project("{FAE04EC0-301F-11D3-BF4B-00C04F79EFBC}") = "Findly.Migrations", "db\Findly.Migrations\Findly.Migrations.csproj", "{C679AFC2-A777-45CB-9A12-328757BE8C46}"
EndProject
Project("{2150E333-8FDC-42A3-9474-1A3956D46DE8}") = "tests", "tests", "{0AB3BF05-4346-4AA6-1389-037BE0695223}"
EndProject
Project("{FAE04EC0-301F-11D3-BF4B-00C04F79EFBC}") = "Findly.UnitTests", "tests\Findly.UnitTests\Findly.UnitTests.csproj", "{06FB3E99-D51B-4085-8D2B-A2D7BF01FF83}"
EndProject
Project("{FAE04EC0-301F-11D3-BF4B-00C04F79EFBC}") = "Findly.IntegrationTests", "tests\Findly.IntegrationTests\Findly.IntegrationTests.csproj", "{768F1D65-05C8-4ECA-882F-5BAFD04E78EC}"
EndProject
Global
	GlobalSection(SolutionConfigurationPlatforms) = preSolution
		Debug|Any CPU = Debug|Any CPU
		Debug|x64 = Debug|x64
		Debug|x86 = Debug|x86
		Release|Any CPU = Release|Any CPU
		Release|x64 = Release|x64
		Release|x86 = Release|x86
	EndGlobalSection
	GlobalSection(ProjectConfigurationPlatforms) = postSolution
		{B243CDAF-5574-4F3A-92B1-C93943B1C383}.Debug|Any CPU.ActiveCfg = Debug|Any CPU
		{B243CDAF-5574-4F3A-92B1-C93943B1C383}.Debug|Any CPU.Build.0 = Debug|Any CPU
		{B243CDAF-5574-4F3A-92B1-C93943B1C383}.Debug|x64.ActiveCfg = Debug|Any CPU
		{B243CDAF-5574-4F3A-92B1-C93943B1C383}.Debug|x64.Build.0 = Debug|Any CPU
		{B243CDAF-5574-4F3A-92B1-C93943B1C383}.Debug|x86.ActiveCfg = Debug|Any CPU
		{B243CDAF-5574-4F3A-92B1-C93943B1C383}.Debug|x86.Build.0 = Debug|Any CPU
		{B243CDAF-5574-4F3A-92B1-C93943B1C383}.Release|Any CPU.ActiveCfg = Release|Any CPU
		{B243CDAF-5574-4F3A-92B1-C93943B1C383}.Release|Any CPU.Build.0 = Release|Any CPU
		{B243CDAF-5574-4F3A-92B1-C93943B1C383}.Release|x64.ActiveCfg = Release|Any CPU
		{B243CDAF-5574-4F3A-92B1-C93943B1C383}.Release|x64.Build.0 = Release|Any CPU
		{B243CDAF-5574-4F3A-92B1-C93943B1C383}.Release|x86.ActiveCfg = Release|Any CPU
		{B243CDAF-5574-4F3A-92B1-C93943B1C383}.Release|x86.Build.0 = Release|Any CPU
		{C2487F4E-4999-4250-BF5E-5EBA228D91D8}.Debug|Any CPU.ActiveCfg = Debug|Any CPU
		{C2487F4E-4999-4250-BF5E-5EBA228D91D8}.Debug|Any CPU.Build.0 = Debug|Any CPU
		{C2487F4E-4999-4250-BF5E-5EBA228D91D8}.Debug|x64.ActiveCfg = Debug|Any CPU
		{C2487F4E-4999-4250-BF5E-5EBA228D91D8}.Debug|x64.Build.0 = Debug|Any CPU
		{C2487F4E-4999-4250-BF5E-5EBA228D91D8}.Debug|x86.ActiveCfg = Debug|Any CPU
		{C2487F4E-4999-4250-BF5E-5EBA228D91D8}.Debug|x86.Build.0 = Debug|Any CPU
		{C2487F4E-4999-4250-BF5E-5EBA228D91D8}.Release|Any CPU.ActiveCfg = Release|Any CPU
		{C2487F4E-4999-4250-BF5E-5EBA228D91D8}.Release|Any CPU.Build.0 = Release|Any CPU
		{C2487F4E-4999-4250-BF5E-5EBA228D91D8}.Release|x64.ActiveCfg = Release|Any CPU
		{C2487F4E-4999-4250-BF5E-5EBA228D91D8}.Release|x64.Build.0 = Release|Any CPU
		{C2487F4E-4999-4250-BF5E-5EBA228D91D8}.Release|x86.ActiveCfg = Release|Any CPU
		{C2487F4E-4999-4250-BF5E-5EBA228D91D8}.Release|x86.Build.0 = Release|Any CPU
		{6F2B1364-0C0C-4D36-84FC-DFFC4AB1D1DC}.Debug|Any CPU.ActiveCfg = Debug|Any CPU
		{6F2B1364-0C0C-4D36-84FC-DFFC4AB1D1DC}.Debug|Any CPU.Build.0 = Debug|Any CPU
		{6F2B1364-0C0C-4D36-84FC-DFFC4AB1D1DC}.Debug|x64.ActiveCfg = Debug|Any CPU
		{6F2B1364-0C0C-4D36-84FC-DFFC4AB1D1DC}.Debug|x64.Build.0 = Debug|Any CPU
		{6F2B1364-0C0C-4D36-84FC-DFFC4AB1D1DC}.Debug|x86.ActiveCfg = Debug|Any CPU
		{6F2B1364-0C0C-4D36-84FC-DFFC4AB1D1DC}.Debug|x86.Build.0 = Debug|Any CPU
		{6F2B1364-0C0C-4D36-84FC-DFFC4AB1D1DC}.Release|Any CPU.ActiveCfg = Release|Any CPU
		{6F2B1364-0C0C-4D36-84FC-DFFC4AB1D1DC}.Release|Any CPU.Build.0 = Release|Any CPU
		{6F2B1364-0C0C-4D36-84FC-DFFC4AB1D1DC}.Release|x64.ActiveCfg = Release|Any CPU
		{6F2B1364-0C0C-4D36-84FC-DFFC4AB1D1DC}.Release|x64.Build.0 = Release|Any CPU
		{6F2B1364-0C0C-4D36-84FC-DFFC4AB1D1DC}.Release|x86.ActiveCfg = Release|Any CPU
		{6F2B1364-0C0C-4D36-84FC-DFFC4AB1D1DC}.Release|x86.Build.0 = Release|Any CPU
		{FF0A9F2C-AB2F-4CC9-9801-6376CAD0AB15}.Debug|Any CPU.ActiveCfg = Debug|Any CPU
		{FF0A9F2C-AB2F-4CC9-9801-6376CAD0AB15}.Debug|Any CPU.Build.0 = Debug|Any CPU
		{FF0A9F2C-AB2F-4CC9-9801-6376CAD0AB15}.Debug|x64.ActiveCfg = Debug|Any CPU
		{FF0A9F2C-AB2F-4CC9-9801-6376CAD0AB15}.Debug|x64.Build.0 = Debug|Any CPU
		{FF0A9F2C-AB2F-4CC9-9801-6376CAD0AB15}.Debug|x86.ActiveCfg = Debug|Any CPU
		{FF0A9F2C-AB2F-4CC9-9801-6376CAD0AB15}.Debug|x86.Build.0 = Debug|Any CPU
		{FF0A9F2C-AB2F-4CC9-9801-6376CAD0AB15}.Release|Any CPU.ActiveCfg = Release|Any CPU
		{FF0A9F2C-AB2F-4CC9-9801-6376CAD0AB15}.Release|Any CPU.Build.0 = Release|Any CPU
		{FF0A9F2C-AB2F-4CC9-9801-6376CAD0AB15}.Release|x64.ActiveCfg = Release|Any CPU
		{FF0A9F2C-AB2F-4CC9-9801-6376CAD0AB15}.Release|x64.Build.0 = Release|Any CPU
		{FF0A9F2C-AB2F-4CC9-9801-6376CAD0AB15}.Release|x86.ActiveCfg = Release|Any CPU
		{FF0A9F2C-AB2F-4CC9-9801-6376CAD0AB15}.Release|x86.Build.0 = Release|Any CPU
		{3453F4E8-C3C5-4091-9561-B8195118822E}.Debug|Any CPU.ActiveCfg = Debug|Any CPU
		{3453F4E8-C3C5-4091-9561-B8195118822E}.Debug|Any CPU.Build.0 = Debug|Any CPU
		{3453F4E8-C3C5-4091-9561-B8195118822E}.Debug|x64.ActiveCfg = Debug|Any CPU
		{3453F4E8-C3C5-4091-9561-B8195118822E}.Debug|x64.Build.0 = Debug|Any CPU
		{3453F4E8-C3C5-4091-9561-B8195118822E}.Debug|x86.ActiveCfg = Debug|Any CPU
		{3453F4E8-C3C5-4091-9561-B8195118822E}.Debug|x86.Build.0 = Debug|Any CPU
		{3453F4E8-C3C5-4091-9561-B8195118822E}.Release|Any CPU.ActiveCfg = Release|Any CPU
		{3453F4E8-C3C5-4091-9561-B8195118822E}.Release|Any CPU.Build.0 = Release|Any CPU
		{3453F4E8-C3C5-4091-9561-B8195118822E}.Release|x64.ActiveCfg = Release|Any CPU
		{3453F4E8-C3C5-4091-9561-B8195118822E}.Release|x64.Build.0 = Release|Any CPU
		{3453F4E8-C3C5-4091-9561-B8195118822E}.Release|x86.ActiveCfg = Release|Any CPU
		{3453F4E8-C3C5-4091-9561-B8195118822E}.Release|x86.Build.0 = Release|Any CPU
		{C679AFC2-A777-45CB-9A12-328757BE8C46}.Debug|Any CPU.ActiveCfg = Debug|Any CPU
		{C679AFC2-A777-45CB-9A12-328757BE8C46}.Debug|Any CPU.Build.0 = Debug|Any CPU
		{C679AFC2-A777-45CB-9A12-328757BE8C46}.Debug|x64.ActiveCfg = Debug|Any CPU
		{C679AFC2-A777-45CB-9A12-328757BE8C46}.Debug|x64.Build.0 = Debug|Any CPU
		{C679AFC2-A777-45CB-9A12-328757BE8C46}.Debug|x86.ActiveCfg = Debug|Any CPU
		{C679AFC2-A777-45CB-9A12-328757BE8C46}.Debug|x86.Build.0 = Debug|Any CPU
		{C679AFC2-A777-45CB-9A12-328757BE8C46}.Release|Any CPU.ActiveCfg = Release|Any CPU
		{C679AFC2-A777-45CB-9A12-328757BE8C46}.Release|Any CPU.Build.0 = Release|Any CPU
		{C679AFC2-A777-45CB-9A12-328757BE8C46}.Release|x64.ActiveCfg = Release|Any CPU
		{C679AFC2-A777-45CB-9A12-328757BE8C46}.Release|x64.Build.0 = Release|Any CPU
		{C679AFC2-A777-45CB-9A12-328757BE8C46}.Release|x86.ActiveCfg = Release|Any CPU
		{C679AFC2-A777-45CB-9A12-328757BE8C46}.Release|x86.Build.0 = Release|Any CPU
		{06FB3E99-D51B-4085-8D2B-A2D7BF01FF83}.Debug|Any CPU.ActiveCfg = Debug|Any CPU
		{06FB3E99-D51B-4085-8D2B-A2D7BF01FF83}.Debug|Any CPU.Build.0 = Debug|Any CPU
		{06FB3E99-D51B-4085-8D2B-A2D7BF01FF83}.Debug|x64.ActiveCfg = Debug|Any CPU
		{06FB3E99-D51B-4085-8D2B-A2D7BF01FF83}.Debug|x64.Build.0 = Debug|Any CPU
		{06FB3E99-D51B-4085-8D2B-A2D7BF01FF83}.Debug|x86.ActiveCfg = Debug|Any CPU
		{06FB3E99-D51B-4085-8D2B-A2D7BF01FF83}.Debug|x86.Build.0 = Debug|Any CPU
		{06FB3E99-D51B-4085-8D2B-A2D7BF01FF83}.Release|Any CPU.ActiveCfg = Release|Any CPU
		{06FB3E99-D51B-4085-8D2B-A2D7BF01FF83}.Release|Any CPU.Build.0 = Release|Any CPU
		{06FB3E99-D51B-4085-8D2B-A2D7BF01FF83}.Release|x64.ActiveCfg = Release|Any CPU
		{06FB3E99-D51B-4085-8D2B-A2D7BF01FF83}.Release|x64.Build.0 = Release|Any CPU
		{06FB3E99-D51B-4085-8D2B-A2D7BF01FF83}.Release|x86.ActiveCfg = Release|Any CPU
		{06FB3E99-D51B-4085-8D2B-A2D7BF01FF83}.Release|x86.Build.0 = Release|Any CPU
		{768F1D65-05C8-4ECA-882F-5BAFD04E78EC}.Debug|Any CPU.ActiveCfg = Debug|Any CPU
		{768F1D65-05C8-4ECA-882F-5BAFD04E78EC}.Debug|Any CPU.Build.0 = Debug|Any CPU
		{768F1D65-05C8-4ECA-882F-5BAFD04E78EC}.Debug|x64.ActiveCfg = Debug|Any CPU
		{768F1D65-05C8-4ECA-882F-5BAFD04E78EC}.Debug|x64.Build.0 = Debug|Any CPU
		{768F1D65-05C8-4ECA-882F-5BAFD04E78EC}.Debug|x86.ActiveCfg = Debug|Any CPU
		{768F1D65-05C8-4ECA-882F-5BAFD04E78EC}.Debug|x86.Build.0 = Debug|Any CPU
		{768F1D65-05C8-4ECA-882F-5BAFD04E78EC}.Release|Any CPU.ActiveCfg = Release|Any CPU
		{768F1D65-05C8-4ECA-882F-5BAFD04E78EC}.Release|Any CPU.Build.0 = Release|Any CPU
		{768F1D65-05C8-4ECA-882F-5BAFD04E78EC}.Release|x64.ActiveCfg = Release|Any CPU
		{768F1D65-05C8-4ECA-882F-5BAFD04E78EC}.Release|x64.Build.0 = Release|Any CPU
		{768F1D65-05C8-4ECA-882F-5BAFD04E78EC}.Release|x86.ActiveCfg = Release|Any CPU
		{768F1D65-05C8-4ECA-882F-5BAFD04E78EC}.Release|x86.Build.0 = Release|Any CPU
	EndGlobalSection
	GlobalSection(SolutionProperties) = preSolution
		HideSolutionNode = FALSE
	EndGlobalSection
	GlobalSection(NestedProjects) = preSolution
		{B243CDAF-5574-4F3A-92B1-C93943B1C383} = {827E0CD3-B72D-47B6-A68D-7590B98EB39B}
		{C2487F4E-4999-4250-BF5E-5EBA228D91D8} = {827E0CD3-B72D-47B6-A68D-7590B98EB39B}
		{6F2B1364-0C0C-4D36-84FC-DFFC4AB1D1DC} = {827E0CD3-B72D-47B6-A68D-7590B98EB39B}
		{FF0A9F2C-AB2F-4CC9-9801-6376CAD0AB15} = {827E0CD3-B72D-47B6-A68D-7590B98EB39B}
		{3453F4E8-C3C5-4091-9561-B8195118822E} = {827E0CD3-B72D-47B6-A68D-7590B98EB39B}
		{C679AFC2-A777-45CB-9A12-328757BE8C46} = {240D54FD-C2A2-AACB-CAA5-CE0B0FF793FF}
		{06FB3E99-D51B-4085-8D2B-A2D7BF01FF83} = {0AB3BF05-4346-4AA6-1389-037BE0695223}
		{768F1D65-05C8-4ECA-882F-5BAFD04E78EC} = {0AB3BF05-4346-4AA6-1389-037BE0695223}
	EndGlobalSection
EndGlobal
